
Microsoft Visual Studio Solution File, Format Version 12.00
# Visual Studio Version 17
VisualStudioVersion = 17.9.34607.119
MinimumVisualStudioVersion = 10.0.40219.1
Project("{FAE04EC0-301F-11D3-BF4B-00C04F79EFBC}") = "st10293982CLD6212POE1", "st10293982CLD6212POE1\st10293982CLD6212POE1.csproj", "{C16432C5-3C6B-4209-81F8-06C1A92D81E1}"
EndProject
Global
	GlobalSection(SolutionConfigurationPlatforms) = preSolution
		Debug|Any CPU = Debug|Any CPU
		Release|Any CPU = Release|Any CPU
	EndGlobalSection
	GlobalSection(ProjectConfigurationPlatforms) = postSolution
		{C16432C5-3C6B-4209-81F8-06C1A92D81E1}.Debug|Any CPU.ActiveCfg = Debug|Any CPU
		{C16432C5-3C6B-4209-81F8-06C1A92D81E1}.Debug|Any CPU.Build.0 = Debug|Any CPU
		{C16432C5-3C6B-4209-81F8-06C1A92D81E1}.Release|Any CPU.ActiveCfg = Release|Any CPU
		{C16432C5-3C6B-4209-81F8-06C1A92D81E1}.Release|Any CPU.Build.0 = Release|Any CPU
	EndGlobalSection
	GlobalSection(SolutionProperties) = preSolution
		HideSolutionNode = FALSE
	EndGlobalSection
	GlobalSection(ExtensibilityGlobals) = postSolution
		SolutionGuid = {A3278CCA-8AAF-4C03-9F23-1A726B4B4D42}
	EndGlobalSection
EndGlobal
